// !$*UTF8*$!
{
	archiveVersion = 1;
	classes = {
	};
	objectVersion = 46;
	objects = {

/* Begin PBXBuildFile section */
		4E1C9CD91C1FBA9F00731367 /* main.m in Sources */ = {isa = PBXBuildFile; fileRef = 4E1C9CD81C1FBA9F00731367 /* main.m */; };
		4E1C9CDC1C1FBA9F00731367 /* AppDelegate.m in Sources */ = {isa = PBXBuildFile; fileRef = 4E1C9CDB1C1FBA9F00731367 /* AppDelegate.m */; };
		4E1C9CDF1C1FBA9F00731367 /* ViewController.m in Sources */ = {isa = PBXBuildFile; fileRef = 4E1C9CDE1C1FBA9F00731367 /* ViewController.m */; };
		4E1C9CE41C1FBA9F00731367 /* Assets.xcassets in Resources */ = {isa = PBXBuildFile; fileRef = 4E1C9CE31C1FBA9F00731367 /* Assets.xcassets */; };
		4E1C9CE71C1FBA9F00731367 /* LaunchScreen.storyboard in Resources */ = {isa = PBXBuildFile; fileRef = 4E1C9CE51C1FBA9F00731367 /* LaunchScreen.storyboard */; };
		4E1C9CF21C1FBA9F00731367 /* iOSBookDemoTests.m in Sources */ = {isa = PBXBuildFile; fileRef = 4E1C9CF11C1FBA9F00731367 /* iOSBookDemoTests.m */; };
		4E1C9CFD1C1FBA9F00731367 /* iOSBookDemoUITests.m in Sources */ = {isa = PBXBuildFile; fileRef = 4E1C9CFC1C1FBA9F00731367 /* iOSBookDemoUITests.m */; };
		4E51051D1C224C2F00959B4B /* FirstTableViewController.m in Sources */ = {isa = PBXBuildFile; fileRef = 4E51051C1C224C2F00959B4B /* FirstTableViewController.m */; };
		4E5105201C224C4F00959B4B /* FirstTableViewCell.m in Sources */ = {isa = PBXBuildFile; fileRef = 4E51051F1C224C4F00959B4B /* FirstTableViewCell.m */; };
		4E5105291C22B3E400959B4B /* Main.storyboard in Resources */ = {isa = PBXBuildFile; fileRef = 4E5105281C22B3E400959B4B /* Main.storyboard */; };
		B499E118009F5CB2AC4AB46B /* libPods.a in Frameworks */ = {isa = PBXBuildFile; fileRef = 900344817DC61178483E68E3 /* libPods.a */; };
/* End PBXBuildFile section */

/* Begin PBXContainerItemProxy section */
		4E1C9CEE1C1FBA9F00731367 /* PBXContainerItemProxy */ = {
			isa = PBXContainerItemProxy;
			containerPortal = 4E1C9CCC1C1FBA9F00731367 /* Project object */;
			proxyType = 1;
			remoteGlobalIDString = 4E1C9CD31C1FBA9F00731367;
			remoteInfo = iOSBookDemo;
		};
		4E1C9CF91C1FBA9F00731367 /* PBXContainerItemProxy */ = {
			isa = PBXContainerItemProxy;
			containerPortal = 4E1C9CCC1C1FBA9F00731367 /* Project object */;
			proxyType = 1;
			remoteGlobalIDString = 4E1C9CD31C1FBA9F00731367;
			remoteInfo = iOSBookDemo;
		};
/* End PBXContainerItemProxy section */

/* Begin PBXFileReference section */
		4E1C9CD41C1FBA9F00731367 /* iOSBookDemo.app */ = {isa = PBXFileReference; explicitFileType = wrapper.application; includeInIndex = 0; path = iOSBookDemo.app; sourceTree = BUILT_PRODUCTS_DIR; };
		4E1C9CD81C1FBA9F00731367 /* main.m */ = {isa = PBXFileReference; lastKnownFileType = sourcecode.c.objc; path = main.m; sourceTree = "<group>"; };
		4E1C9CDA1C1FBA9F00731367 /* AppDelegate.h */ = {isa = PBXFileReference; lastKnownFileType = sourcecode.c.h; path = AppDelegate.h; sourceTree = "<group>"; };
		4E1C9CDB1C1FBA9F00731367 /* AppDelegate.m */ = {isa = PBXFileReference; lastKnownFileType = sourcecode.c.objc; path = AppDelegate.m; sourceTree = "<group>"; };
		4E1C9CDD1C1FBA9F00731367 /* ViewController.h */ = {isa = PBXFileReference; lastKnownFileType = sourcecode.c.h; path = ViewController.h; sourceTree = "<group>"; };
		4E1C9CDE1C1FBA9F00731367 /* ViewController.m */ = {isa = PBXFileReference; lastKnownFileType = sourcecode.c.objc; path = ViewController.m; sourceTree = "<group>"; };
		4E1C9CE31C1FBA9F00731367 /* Assets.xcassets */ = {isa = PBXFileReference; lastKnownFileType = folder.assetcatalog; path = Assets.xcassets; sourceTree = "<group>"; };
		4E1C9CE61C1FBA9F00731367 /* Base */ = {isa = PBXFileReference; lastKnownFileType = file.storyboard; name = Base; path = Base.lproj/LaunchScreen.storyboard; sourceTree = "<group>"; };
		4E1C9CE81C1FBA9F00731367 /* Info.plist */ = {isa = PBXFileReference; lastKnownFileType = text.plist.xml; path = Info.plist; sourceTree = "<group>"; };
		4E1C9CED1C1FBA9F00731367 /* iOSBookDemoTests.xctest */ = {isa = PBXFileReference; explicitFileType = wrapper.cfbundle; includeInIndex = 0; path = iOSBookDemoTests.xctest; sourceTree = BUILT_PRODUCTS_DIR; };
		4E1C9CF11C1FBA9F00731367 /* iOSBookDemoTests.m */ = {isa = PBXFileReference; lastKnownFileType = sourcecode.c.objc; path = iOSBookDemoTests.m; sourceTree = "<group>"; };
		4E1C9CF31C1FBA9F00731367 /* Info.plist */ = {isa = PBXFileReference; lastKnownFileType = text.plist.xml; path = Info.plist; sourceTree = "<group>"; };
		4E1C9CF81C1FBA9F00731367 /* iOSBookDemoUITests.xctest */ = {isa = PBXFileReference; explicitFileType = wrapper.cfbundle; includeInIndex = 0; path = iOSBookDemoUITests.xctest; sourceTree = BUILT_PRODUCTS_DIR; };
		4E1C9CFC1C1FBA9F00731367 /* iOSBookDemoUITests.m */ = {isa = PBXFileReference; lastKnownFileType = sourcecode.c.objc; path = iOSBookDemoUITests.m; sourceTree = "<group>"; };
		4E1C9CFE1C1FBA9F00731367 /* Info.plist */ = {isa = PBXFileReference; lastKnownFileType = text.plist.xml; path = Info.plist; sourceTree = "<group>"; };
		4E51051B1C224C2F00959B4B /* FirstTableViewController.h */ = {isa = PBXFileReference; fileEncoding = 4; lastKnownFileType = sourcecode.c.h; path = FirstTableViewController.h; sourceTree = "<group>"; };
		4E51051C1C224C2F00959B4B /* FirstTableViewController.m */ = {isa = PBXFileReference; fileEncoding = 4; lastKnownFileType = sourcecode.c.objc; path = FirstTableViewController.m; sourceTree = "<group>"; };
		4E51051E1C224C4F00959B4B /* FirstTableViewCell.h */ = {isa = PBXFileReference; fileEncoding = 4; lastKnownFileType = sourcecode.c.h; path = FirstTableViewCell.h; sourceTree = "<group>"; };
		4E51051F1C224C4F00959B4B /* FirstTableViewCell.m */ = {isa = PBXFileReference; fileEncoding = 4; lastKnownFileType = sourcecode.c.objc; path = FirstTableViewCell.m; sourceTree = "<group>"; };
		4E5105281C22B3E400959B4B /* Main.storyboard */ = {isa = PBXFileReference; fileEncoding = 4; lastKnownFileType = file.storyboard; path = Main.storyboard; sourceTree = "<group>"; };
		5CC78B69625BFD44C4A7AAC8 /* Pods.release.xcconfig */ = {isa = PBXFileReference; includeInIndex = 1; lastKnownFileType = text.xcconfig; name = Pods.release.xcconfig; path = "Pods/Target Support Files/Pods/Pods.release.xcconfig"; sourceTree = "<group>"; };
		705EE33412416A11CDCAA9D1 /* Pods.debug.xcconfig */ = {isa = PBXFileReference; includeInIndex = 1; lastKnownFileType = text.xcconfig; name = Pods.debug.xcconfig; path = "Pods/Target Support Files/Pods/Pods.debug.xcconfig"; sourceTree = "<group>"; };
		900344817DC61178483E68E3 /* libPods.a */ = {isa = PBXFileReference; explicitFileType = archive.ar; includeInIndex = 0; path = libPods.a; sourceTree = BUILT_PRODUCTS_DIR; };
/* End PBXFileReference section */

/* Begin PBXFrameworksBuildPhase section */
		4E1C9CD11C1FBA9F00731367 /* Frameworks */ = {
			isa = PBXFrameworksBuildPhase;
			buildActionMask = 2147483647;
			files = (
				B499E118009F5CB2AC4AB46B /* libPods.a in Frameworks */,
			);
			runOnlyForDeploymentPostprocessing = 0;
		};
		4E1C9CEA1C1FBA9F00731367 /* Frameworks */ = {
			isa = PBXFrameworksBuildPhase;
			buildActionMask = 2147483647;
			files = (
			);
			runOnlyForDeploymentPostprocessing = 0;
		};
		4E1C9CF51C1FBA9F00731367 /* Frameworks */ = {
			isa = PBXFrameworksBuildPhase;
			buildActionMask = 2147483647;
			files = (
			);
			runOnlyForDeploymentPostprocessing = 0;
		};
/* End PBXFrameworksBuildPhase section */

/* Begin PBXGroup section */
		1432CF8C9836627D20BAA594 /* Frameworks */ = {
			isa = PBXGroup;
			children = (
				900344817DC61178483E68E3 /* libPods.a */,
			);
			name = Frameworks;
			sourceTree = "<group>";
		};
		4D8C41B691B4518E28D2C88B /* Pods */ = {
			isa = PBXGroup;
			children = (
				705EE33412416A11CDCAA9D1 /* Pods.debug.xcconfig */,
				5CC78B69625BFD44C4A7AAC8 /* Pods.release.xcconfig */,
			);
			name = Pods;
			sourceTree = "<group>";
		};
		4E1C9CCB1C1FBA9F00731367 = {
			isa = PBXGroup;
			children = (
				4E1C9CD61C1FBA9F00731367 /* iOSBookDemo */,
				4E1C9CF01C1FBA9F00731367 /* iOSBookDemoTests */,
				4E1C9CFB1C1FBA9F00731367 /* iOSBookDemoUITests */,
				4E1C9CD51C1FBA9F00731367 /* Products */,
				4D8C41B691B4518E28D2C88B /* Pods */,
				1432CF8C9836627D20BAA594 /* Frameworks */,
			);
			sourceTree = "<group>";
		};
		4E1C9CD51C1FBA9F00731367 /* Products */ = {
			isa = PBXGroup;
			children = (
				4E1C9CD41C1FBA9F00731367 /* iOSBookDemo.app */,
				4E1C9CED1C1FBA9F00731367 /* iOSBookDemoTests.xctest */,
				4E1C9CF81C1FBA9F00731367 /* iOSBookDemoUITests.xctest */,
			);
			name = Products;
			sourceTree = "<group>";
		};
		4E1C9CD61C1FBA9F00731367 /* iOSBookDemo */ = {
			isa = PBXGroup;
			children = (
				4E1C9CDA1C1FBA9F00731367 /* AppDelegate.h */,
				4E1C9CDB1C1FBA9F00731367 /* AppDelegate.m */,
				4E5105281C22B3E400959B4B /* Main.storyboard */,
				4E5105211C22504B00959B4B /* Controller */,
				4E5105221C22506400959B4B /* View */,
				4E1C9CE31C1FBA9F00731367 /* Assets.xcassets */,
				4E1C9CE51C1FBA9F00731367 /* LaunchScreen.storyboard */,
				4E1C9CE81C1FBA9F00731367 /* Info.plist */,
				4E1C9CD71C1FBA9F00731367 /* Supporting Files */,
			);
			path = iOSBookDemo;
			sourceTree = "<group>";
		};
		4E1C9CD71C1FBA9F00731367 /* Supporting Files */ = {
			isa = PBXGroup;
			children = (
				4E1C9CD81C1FBA9F00731367 /* main.m */,
			);
			name = "Supporting Files";
			sourceTree = "<group>";
		};
		4E1C9CF01C1FBA9F00731367 /* iOSBookDemoTests */ = {
			isa = PBXGroup;
			children = (
				4E1C9CF11C1FBA9F00731367 /* iOSBookDemoTests.m */,
				4E1C9CF31C1FBA9F00731367 /* Info.plist */,
			);
			path = iOSBookDemoTests;
			sourceTree = "<group>";
		};
		4E1C9CFB1C1FBA9F00731367 /* iOSBookDemoUITests */ = {
			isa = PBXGroup;
			children = (
				4E1C9CFC1C1FBA9F00731367 /* iOSBookDemoUITests.m */,
				4E1C9CFE1C1FBA9F00731367 /* Info.plist */,
			);
			path = iOSBookDemoUITests;
			sourceTree = "<group>";
		};
		4E5105211C22504B00959B4B /* Controller */ = {
			isa = PBXGroup;
			children = (
				4E1C9CDD1C1FBA9F00731367 /* ViewController.h */,
				4E1C9CDE1C1FBA9F00731367 /* ViewController.m */,
				4E51051B1C224C2F00959B4B /* FirstTableViewController.h */,
				4E51051C1C224C2F00959B4B /* FirstTableViewController.m */,
			);
			name = Controller;
			sourceTree = "<group>";
		};
		4E5105221C22506400959B4B /* View */ = {
			isa = PBXGroup;
			children = (
				4E51051E1C224C4F00959B4B /* FirstTableViewCell.h */,
				4E51051F1C224C4F00959B4B /* FirstTableViewCell.m */,
			);
			name = View;
			sourceTree = "<group>";
		};
/* End PBXGroup section */

/* Begin PBXNativeTarget section */
		4E1C9CD31C1FBA9F00731367 /* iOSBookDemo */ = {
			isa = PBXNativeTarget;
			buildConfigurationList = 4E1C9D011C1FBA9F00731367 /* Build configuration list for PBXNativeTarget "iOSBookDemo" */;
			buildPhases = (
				A53513F23932484A0E0B2F35 /* Check Pods Manifest.lock */,
				4E1C9CD01C1FBA9F00731367 /* Sources */,
				4E1C9CD11C1FBA9F00731367 /* Frameworks */,
				4E1C9CD21C1FBA9F00731367 /* Resources */,
				C75976BB306457D186A33359 /* Embed Pods Frameworks */,
				D1956B69E9B6DDC9F87B287F /* Copy Pods Resources */,
			);
			buildRules = (
			);
			dependencies = (
			);
			name = iOSBookDemo;
			productName = iOSBookDemo;
			productReference = 4E1C9CD41C1FBA9F00731367 /* iOSBookDemo.app */;
			productType = "com.apple.product-type.application";
		};
		4E1C9CEC1C1FBA9F00731367 /* iOSBookDemoTests */ = {
			isa = PBXNativeTarget;
			buildConfigurationList = 4E1C9D041C1FBA9F00731367 /* Build configuration list for PBXNativeTarget "iOSBookDemoTests" */;
			buildPhases = (
				4E1C9CE91C1FBA9F00731367 /* Sources */,
				4E1C9CEA1C1FBA9F00731367 /* Frameworks */,
				4E1C9CEB1C1FBA9F00731367 /* Resources */,
			);
			buildRules = (
			);
			dependencies = (
				4E1C9CEF1C1FBA9F00731367 /* PBXTargetDependency */,
			);
			name = iOSBookDemoTests;
			productName = iOSBookDemoTests;
			productReference = 4E1C9CED1C1FBA9F00731367 /* iOSBookDemoTests.xctest */;
			productType = "com.apple.product-type.bundle.unit-test";
		};
		4E1C9CF71C1FBA9F00731367 /* iOSBookDemoUITests */ = {
			isa = PBXNativeTarget;
			buildConfigurationList = 4E1C9D071C1FBA9F00731367 /* Build configuration list for PBXNativeTarget "iOSBookDemoUITests" */;
			buildPhases = (
				4E1C9CF41C1FBA9F00731367 /* Sources */,
				4E1C9CF51C1FBA9F00731367 /* Frameworks */,
				4E1C9CF61C1FBA9F00731367 /* Resources */,
			);
			buildRules = (
			);
			dependencies = (
				4E1C9CFA1C1FBA9F00731367 /* PBXTargetDependency */,
			);
			name = iOSBookDemoUITests;
			productName = iOSBookDemoUITests;
			productReference = 4E1C9CF81C1FBA9F00731367 /* iOSBookDemoUITests.xctest */;
			productType = "com.apple.product-type.bundle.ui-testing";
		};
/* End PBXNativeTarget section */

/* Begin PBXProject section */
		4E1C9CCC1C1FBA9F00731367 /* Project object */ = {
			isa = PBXProject;
			attributes = {
				LastUpgradeCheck = 0720;
				ORGANIZATIONNAME = jinvovo_ios;
				TargetAttributes = {
					4E1C9CD31C1FBA9F00731367 = {
						CreatedOnToolsVersion = 7.2;
					};
					4E1C9CEC1C1FBA9F00731367 = {
						CreatedOnToolsVersion = 7.2;
						TestTargetID = 4E1C9CD31C1FBA9F00731367;
					};
					4E1C9CF71C1FBA9F00731367 = {
						CreatedOnToolsVersion = 7.2;
						TestTargetID = 4E1C9CD31C1FBA9F00731367;
					};
				};
			};
			buildConfigurationList = 4E1C9CCF1C1FBA9F00731367 /* Build configuration list for PBXProject "iOSBookDemo" */;
			compatibilityVersion = "Xcode 3.2";
			developmentRegion = English;
			hasScannedForEncodings = 0;
			knownRegions = (
				en,
				Base,
			);
			mainGroup = 4E1C9CCB1C1FBA9F00731367;
			productRefGroup = 4E1C9CD51C1FBA9F00731367 /* Products */;
			projectDirPath = "";
			projectRoot = "";
			targets = (
				4E1C9CD31C1FBA9F00731367 /* iOSBookDemo */,
				4E1C9CEC1C1FBA9F00731367 /* iOSBookDemoTests */,
				4E1C9CF71C1FBA9F00731367 /* iOSBookDemoUITests */,
			);
		};
/* End PBXProject section */

/* Begin PBXResourcesBuildPhase section */
		4E1C9CD21C1FBA9F00731367 /* Resources */ = {
			isa = PBXResourcesBuildPhase;
			buildActionMask = 2147483647;
			files = (
				4E5105291C22B3E400959B4B /* Main.storyboard in Resources */,
				4E1C9CE71C1FBA9F00731367 /* LaunchScreen.storyboard in Resources */,
				4E1C9CE41C1FBA9F00731367 /* Assets.xcassets in Resources */,
			);
			runOnlyForDeploymentPostprocessing = 0;
		};
		4E1C9CEB1C1FBA9F00731367 /* Resources */ = {
			isa = PBXResourcesBuildPhase;
			buildActionMask = 2147483647;
			files = (
			);
			runOnlyForDeploymentPostprocessing = 0;
		};
		4E1C9CF61C1FBA9F00731367 /* Resources */ = {
			isa = PBXResourcesBuildPhase;
			buildActionMask = 2147483647;
			files = (
			);
			runOnlyForDeploymentPostprocessing = 0;
		};
/* End PBXResourcesBuildPhase section */

/* Begin PBXShellScriptBuildPhase section */
		A53513F23932484A0E0B2F35 /* Check Pods Manifest.lock */ = {
			isa = PBXShellScriptBuildPhase;
			buildActionMask = 2147483647;
			files = (
			);
			inputPaths = (
			);
			name = "Check Pods Manifest.lock";
			outputPaths = (
			);
			runOnlyForDeploymentPostprocessing = 0;
			shellPath = /bin/sh;
			shellScript = "diff \"${PODS_ROOT}/../Podfile.lock\" \"${PODS_ROOT}/Manifest.lock\" > /dev/null\nif [[ $? != 0 ]] ; then\n    cat << EOM\nerror: The sandbox is not in sync with the Podfile.lock. Run 'pod install' or update your CocoaPods installation.\nEOM\n    exit 1\nfi\n";
			showEnvVarsInLog = 0;
		};
		C75976BB306457D186A33359 /* Embed Pods Frameworks */ = {
			isa = PBXShellScriptBuildPhase;
			buildActionMask = 2147483647;
			files = (
			);
			inputPaths = (
			);
			name = "Embed Pods Frameworks";
			outputPaths = (
			);
			runOnlyForDeploymentPostprocessing = 0;
			shellPath = /bin/sh;
			shellScript = "\"${SRCROOT}/Pods/Target Support Files/Pods/Pods-frameworks.sh\"\n";
			showEnvVarsInLog = 0;
		};
		D1956B69E9B6DDC9F87B287F /* Copy Pods Resources */ = {
			isa = PBXShellScriptBuildPhase;
			buildActionMask = 2147483647;
			files = (
			);
			inputPaths = (
			);
			name = "Copy Pods Resources";
			outputPaths = (
			);
			runOnlyForDeploymentPostprocessing = 0;
			shellPath = /bin/sh;
			shellScript = "\"${SRCROOT}/Pods/Target Support Files/Pods/Pods-resources.sh\"\n";
			showEnvVarsInLog = 0;
		};
/* End PBXShellScriptBuildPhase section */

/* Begin PBXSourcesBuildPhase section */
		4E1C9CD01C1FBA9F00731367 /* Sources */ = {
			isa = PBXSourcesBuildPhase;
			buildActionMask = 2147483647;
			files = (
				4E51051D1C224C2F00959B4B /* FirstTableViewController.m in Sources */,
				4E1C9CDF1C1FBA9F00731367 /* ViewController.m in Sources */,
				4E5105201C224C4F00959B4B /* FirstTableViewCell.m in Sources */,
				4E1C9CDC1C1FBA9F00731367 /* AppDelegate.m in Sources */,
				4E1C9CD91C1FBA9F00731367 /* main.m in Sources */,
			);
			runOnlyForDeploymentPostprocessing = 0;
		};
		4E1C9CE91C1FBA9F00731367 /* Sources */ = {
			isa = PBXSourcesBuildPhase;
			buildActionMask = 2147483647;
			files = (
				4E1C9CF21C1FBA9F00731367 /* iOSBookDemoTests.m in Sources */,
			);
			runOnlyForDeploymentPostprocessing = 0;
		};
		4E1C9CF41C1FBA9F00731367 /* Sources */ = {
			isa = PBXSourcesBuildPhase;
			buildActionMask = 2147483647;
			files = (
				4E1C9CFD1C1FBA9F00731367 /* iOSBookDemoUITests.m in Sources */,
			);
			runOnlyForDeploymentPostprocessing = 0;
		};
/* End PBXSourcesBuildPhase section */

/* Begin PBXTargetDependency section */
		4E1C9CEF1C1FBA9F00731367 /* PBXTargetDependency */ = {
			isa = PBXTargetDependency;
			target = 4E1C9CD31C1FBA9F00731367 /* iOSBookDemo */;
			targetProxy = 4E1C9CEE1C1FBA9F00731367 /* PBXContainerItemProxy */;
		};
		4E1C9CFA1C1FBA9F00731367 /* PBXTargetDependency */ = {
			isa = PBXTargetDependency;
			target = 4E1C9CD31C1FBA9F00731367 /* iOSBookDemo */;
			targetProxy = 4E1C9CF91C1FBA9F00731367 /* PBXContainerItemProxy */;
		};
/* End PBXTargetDependency section */

/* Begin PBXVariantGroup section */
		4E1C9CE51C1FBA9F00731367 /* LaunchScreen.storyboard */ = {
			isa = PBXVariantGroup;
			children = (
				4E1C9CE61C1FBA9F00731367 /* Base */,
			);
			name = LaunchScreen.storyboard;
			sourceTree = "<group>";
		};
/* End PBXVariantGroup section */

/* Begin XCBuildConfiguration section */
		4E1C9CFF1C1FBA9F00731367 /* Debug */ = {
			isa = XCBuildConfiguration;
			buildSettings = {
				ALWAYS_SEARCH_USER_PATHS = NO;
				CLANG_CXX_LANGUAGE_STANDARD = "gnu++0x";
				CLANG_CXX_LIBRARY = "libc++";
				CLANG_ENABLE_MODULES = YES;
				CLANG_ENABLE_OBJC_ARC = YES;
				CLANG_WARN_BOOL_CONVERSION = YES;
				CLANG_WARN_CONSTANT_CONVERSION = YES;
				CLANG_WARN_DIRECT_OBJC_ISA_USAGE = YES_ERROR;
				CLANG_WARN_EMPTY_BODY = YES;
				CLANG_WARN_ENUM_CONVERSION = YES;
				CLANG_WARN_INT_CONVERSION = YES;
				CLANG_WARN_OBJC_ROOT_CLASS = YES_ERROR;
				CLANG_WARN_UNREACHABLE_CODE = YES;
				CLANG_WARN__DUPLICATE_METHOD_MATCH = YES;
				"CODE_SIGN_IDENTITY[sdk=iphoneos*]" = "iPhone Developer";
				COPY_PHASE_STRIP = NO;
				DEBUG_INFORMATION_FORMAT = dwarf;
				ENABLE_STRICT_OBJC_MSGSEND = YES;
				ENABLE_TESTABILITY = YES;
				GCC_C_LANGUAGE_STANDARD = gnu99;
				GCC_DYNAMIC_NO_PIC = NO;
				GCC_NO_COMMON_BLOCKS = YES;
				GCC_OPTIMIZATION_LEVEL = 0;
				GCC_PREPROCESSOR_DEFINITIONS = (
					"DEBUG=1",
					"$(inherited)",
				);
				GCC_WARN_64_TO_32_BIT_CONVERSION = YES;
				GCC_WARN_ABOUT_RETURN_TYPE = YES_ERROR;
				GCC_WARN_UNDECLARED_SELECTOR = YES;
				GCC_WARN_UNINITIALIZED_AUTOS = YES_AGGRESSIVE;
				GCC_WARN_UNUSED_FUNCTION = YES;
				GCC_WARN_UNUSED_VARIABLE = YES;
				IPHONEOS_DEPLOYMENT_TARGET = 9.2;
				MTL_ENABLE_DEBUG_INFO = YES;
				ONLY_ACTIVE_ARCH = YES;
				SDKROOT = iphoneos;
			};
			name = Debug;
		};
		4E1C9D001C1FBA9F00731367 /* Release */ = {
			isa = XCBuildConfiguration;
			buildSettings = {
				ALWAYS_SEARCH_USER_PATHS = NO;
				CLANG_CXX_LANGUAGE_STANDARD = "gnu++0x";
				CLANG_CXX_LIBRARY = "libc++";
				CLANG_ENABLE_MODULES = YES;
				CLANG_ENABLE_OBJC_ARC = YES;
				CLANG_WARN_BOOL_CONVERSION = YES;
				CLANG_WARN_CONSTANT_CONVERSION = YES;
				CLANG_WARN_DIRECT_OBJC_ISA_USAGE = YES_ERROR;
				CLANG_WARN_EMPTY_BODY = YES;
				CLANG_WARN_ENUM_CONVERSION = YES;
				CLANG_WARN_INT_CONVERSION = YES;
				CLANG_WARN_OBJC_ROOT_CLASS = YES_ERROR;
				CLANG_WARN_UNREACHABLE_CODE = YES;
				CLANG_WARN__DUPLICATE_METHOD_MATCH = YES;
				"CODE_SIGN_IDENTITY[sdk=iphoneos*]" = "iPhone Developer";
				COPY_PHASE_STRIP = NO;
				DEBUG_INFORMATION_FORMAT = "dwarf-with-dsym";
				ENABLE_NS_ASSERTIONS = NO;
				ENABLE_STRICT_OBJC_MSGSEND = YES;
				GCC_C_LANGUAGE_STANDARD = gnu99;
				GCC_NO_COMMON_BLOCKS = YES;
				GCC_WARN_64_TO_32_BIT_CONVERSION = YES;
				GCC_WARN_ABOUT_RETURN_TYPE = YES_ERROR;
				GCC_WARN_UNDECLARED_SELECTOR = YES;
				GCC_WARN_UNINITIALIZED_AUTOS = YES_AGGRESSIVE;
				GCC_WARN_UNUSED_FUNCTION = YES;
				GCC_WARN_UNUSED_VARIABLE = YES;
				IPHONEOS_DEPLOYMENT_TARGET = 9.2;
				MTL_ENABLE_DEBUG_INFO = NO;
				SDKROOT = iphoneos;
				VALIDATE_PRODUCT = YES;
			};
			name = Release;
		};
		4E1C9D021C1FBA9F00731367 /* Debug */ = {
			isa = XCBuildConfiguration;
			baseConfigurationReference = 705EE33412416A11CDCAA9D1 /* Pods.debug.xcconfig */;
			buildSettings = {
				ASSETCATALOG_COMPILER_APPICON_NAME = AppIcon;
				INFOPLIST_FILE = iOSBookDemo/Info.plist;
				LD_RUNPATH_SEARCH_PATHS = "$(inherited) @executable_path/Frameworks";
				PRODUCT_BUNDLE_IDENTIFIER = "-.iOSBookDemo";
				PRODUCT_NAME = "$(TARGET_NAME)";
			};
			name = Debug;
		};
		4E1C9D031C1FBA9F00731367 /* Release */ = {
			isa = XCBuildConfiguration;
			baseConfigurationReference = 5CC78B69625BFD44C4A7AAC8 /* Pods.release.xcconfig */;
			buildSettings = {
				ASSETCATALOG_COMPILER_APPICON_NAME = AppIcon;
				INFOPLIST_FILE = iOSBookDemo/Info.plist;
				LD_RUNPATH_SEARCH_PATHS = "$(inherited) @executable_path/Frameworks";
				PRODUCT_BUNDLE_IDENTIFIER = "-.iOSBookDemo";
				PRODUCT_NAME = "$(TARGET_NAME)";
			};
			name = Release;
		};
		4E1C9D051C1FBA9F00731367 /* Debug */ = {
			isa = XCBuildConfiguration;
			buildSettings = {
				BUNDLE_LOADER = "$(TEST_HOST)";
				INFOPLIST_FILE = iOSBookDemoTests/Info.plist;
				LD_RUNPATH_SEARCH_PATHS = "$(inherited) @executable_path/Frameworks @loader_path/Frameworks";
				PRODUCT_BUNDLE_IDENTIFIER = jinvovo.iOSBookDemoTests;
				PRODUCT_NAME = "$(TARGET_NAME)";
				TEST_HOST = "$(BUILT_PRODUCTS_DIR)/iOSBookDemo.app/iOSBookDemo";
			};
			name = Debug;
		};
		4E1C9D061C1FBA9F00731367 /* Release */ = {
			isa = XCBuildConfiguration;
			buildSettings = {
				BUNDLE_LOADER = "$(TEST_HOST)";
				INFOPLIST_FILE = iOSBookDemoTests/Info.plist;
				LD_RUNPATH_SEARCH_PATHS = "$(inherited) @executable_path/Frameworks @loader_path/Frameworks";
				PRODUCT_BUNDLE_IDENTIFIER = jinvovo.iOSBookDemoTests;
				PRODUCT_NAME = "$(TARGET_NAME)";
				TEST_HOST = "$(BUILT_PRODUCTS_DIR)/iOSBookDemo.app/iOSBookDemo";
			};
			name = Release;
		};
		4E1C9D081C1FBA9F00731367 /* Debug */ = {
			isa = XCBuildConfiguration;
			buildSettings = {
				INFOPLIST_FILE = iOSBookDemoUITests/Info.plist;
				LD_RUNPATH_SEARCH_PATHS = "$(inherited) @executable_path/Frameworks @loader_path/Frameworks";
				PRODUCT_BUNDLE_IDENTIFIER = jinvovo.iOSBookDemoUITests;
				PRODUCT_NAME = "$(TARGET_NAME)";
				TEST_TARGET_NAME = iOSBookDemo;
				USES_XCTRUNNER = YES;
			};
			name = Debug;
		};
		4E1C9D091C1FBA9F00731367 /* Release */ = {
			isa = XCBuildConfiguration;
			buildSettings = {
				INFOPLIST_FILE = iOSBookDemoUITests/Info.plist;
				LD_RUNPATH_SEARCH_PATHS = "$(inherited) @executable_path/Frameworks @loader_path/Frameworks";
				PRODUCT_BUNDLE_IDENTIFIER = jinvovo.iOSBookDemoUITests;
				PRODUCT_NAME = "$(TARGET_NAME)";
				TEST_TARGET_NAME = iOSBookDemo;
				USES_XCTRUNNER = YES;
			};
			name = Release;
		};
/* End XCBuildConfiguration section */

/* Begin XCConfigurationList section */
		4E1C9CCF1C1FBA9F00731367 /* Build configuration list for PBXProject "iOSBookDemo" */ = {
			isa = XCConfigurationList;
			buildConfigurations = (
				4E1C9CFF1C1FBA9F00731367 /* Debug */,
				4E1C9D001C1FBA9F00731367 /* Release */,
			);
			defaultConfigurationIsVisible = 0;
			defaultConfigurationName = Release;
		};
		4E1C9D011C1FBA9F00731367 /* Build configuration list for PBXNativeTarget "iOSBookDemo" */ = {
			isa = XCConfigurationList;
			buildConfigurations = (
				4E1C9D021C1FBA9F00731367 /* Debug */,
				4E1C9D031C1FBA9F00731367 /* Release */,
			);
			defaultConfigurationIsVisible = 0;
			defaultConfigurationName = Release;
		};
		4E1C9D041C1FBA9F00731367 /* Build configuration list for PBXNativeTarget "iOSBookDemoTests" */ = {
			isa = XCConfigurationList;
			buildConfigurations = (
				4E1C9D051C1FBA9F00731367 /* Debug */,
				4E1C9D061C1FBA9F00731367 /* Release */,
			);
			defaultConfigurationIsVisible = 0;
			defaultConfigurationName = Release;
		};
		4E1C9D071C1FBA9F00731367 /* Build configuration list for PBXNativeTarget "iOSBookDemoUITests" */ = {
			isa = XCConfigurationList;
			buildConfigurations = (
				4E1C9D081C1FBA9F00731367 /* Debug */,
				4E1C9D091C1FBA9F00731367 /* Release */,
			);
			defaultConfigurationIsVisible = 0;
			defaultConfigurationName = Release;
		};
/* End XCConfigurationList section */
	};
	rootObject = 4E1C9CCC1C1FBA9F00731367 /* Project object */;
}
